
Microsoft Visual Studio Solution File, Format Version 12.00
# Visual Studio Version 16
VisualStudioVersion = 16.0.809.7
MinimumVisualStudioVersion = 10.0.40219.1
Project("{FAE04EC0-301F-11D3-BF4B-00C04F79EFBC}") = "abstractclasssandro", "abstractclasssandro\abstractclasssandro.csproj", "{EACE72EB-56A8-4B95-BE1B-C1F9159EDC52}"
EndProject
Global
	GlobalSection(SolutionConfigurationPlatforms) = preSolution
		Debug|Any CPU = Debug|Any CPU
		Release|Any CPU = Release|Any CPU
	EndGlobalSection
	GlobalSection(ProjectConfigurationPlatforms) = postSolution
		{EACE72EB-56A8-4B95-BE1B-C1F9159EDC52}.Debug|Any CPU.ActiveCfg = Debug|Any CPU
		{EACE72EB-56A8-4B95-BE1B-C1F9159EDC52}.Debug|Any CPU.Build.0 = Debug|Any CPU
		{EACE72EB-56A8-4B95-BE1B-C1F9159EDC52}.Release|Any CPU.ActiveCfg = Release|Any CPU
		{EACE72EB-56A8-4B95-BE1B-C1F9159EDC52}.Release|Any CPU.Build.0 = Release|Any CPU
	EndGlobalSection
	GlobalSection(SolutionProperties) = preSolution
		HideSolutionNode = FALSE
	EndGlobalSection
	GlobalSection(ExtensibilityGlobals) = postSolution
		SolutionGuid = {506C12E2-136F-4A42-8593-D7363F09CE28}
	EndGlobalSection
EndGlobal
